
Microsoft Visual Studio Solution File, Format Version 12.00
# Visual Studio Version 17
VisualStudioVersion = 17.4.33205.214
MinimumVisualStudioVersion = 10.0.40219.1
Project("{9A19103F-16F7-4668-BE54-9A1E7A4F7556}") = "Samat.EndPoints.WebApi", "Samat.EndPoints.WebApi\Samat.EndPoints.WebApi.csproj", "{C0963192-614A-4013-B29A-9567CC1CBC02}"
EndProject
Project("{2150E333-8FDC-42A3-9474-1A3956D46DE8}") = "Core", "Core", "{6E7D60A0-8713-430A-9CAE-8B7F9E4DBAC5}"
EndProject
Project("{2150E333-8FDC-42A3-9474-1A3956D46DE8}") = "Infrastructure", "Infrastructure", "{D185C402-69EC-4A52-A427-5B48AC42D8FA}"
EndProject
Project("{2150E333-8FDC-42A3-9474-1A3956D46DE8}") = "Presentation", "Presentation", "{642B7F12-C74B-48B0-99D7-47B660DB9ED7}"
EndProject
Project("{2150E333-8FDC-42A3-9474-1A3956D46DE8}") = "Applications", "Applications", "{6B666AF9-2F82-4060-AE04-F8846A6C89A0}"
EndProject
Project("{2150E333-8FDC-42A3-9474-1A3956D46DE8}") = "Domains", "Domains", "{E5B0BCE4-9A7A-4E9C-A721-00FF0B3881F6}"
EndProject
Project("{9A19103F-16F7-4668-BE54-9A1E7A4F7556}") = "Samat.Domains", "Samat.Domains\Samat.Domains.csproj", "{9D8EB345-523E-48BD-8BD4-3DB8DD5F1ABB}"
EndProject
Project("{9A19103F-16F7-4668-BE54-9A1E7A4F7556}") = "Samat.Applications", "Samat.Applications\Samat.Applications.csproj", "{E6C54564-4930-47D3-92FA-8DD17557B6B2}"
EndProject
Project("{9A19103F-16F7-4668-BE54-9A1E7A4F7556}") = "Samat.Applications.Contracts", "Samat.Applications.Contracts\Samat.Applications.Contracts.csproj", "{1B70635E-D1BC-4F5A-B825-4CACF914D9A3}"
EndProject
Project("{9A19103F-16F7-4668-BE54-9A1E7A4F7556}") = "Samat.Domains.Contracts", "Samat.Domains.Contracts\Samat.Domains.Contracts.csproj", "{A35BA22F-6DF3-45D7-8566-EE8E1DB203C6}"
EndProject
Project("{9A19103F-16F7-4668-BE54-9A1E7A4F7556}") = "Samat.Infrastructure.EfPersistance", "Samat.Infrastructure.EfPersistance\Samat.Infrastructure.EfPersistance.csproj", "{1E5082A6-3991-4C65-94AF-4162ADFB3C0A}"
EndProject
Project("{2150E333-8FDC-42A3-9474-1A3956D46DE8}") = "Frameworks", "Frameworks", "{237E3390-26AB-45A2-B06B-30380DF87429}"
EndProject
Project("{2150E333-8FDC-42A3-9474-1A3956D46DE8}") = "Core", "Core", "{281E725F-ADF5-4E97-9D12-CA49CA2D13AC}"
EndProject
Project("{2150E333-8FDC-42A3-9474-1A3956D46DE8}") = "Infrastructure", "Infrastructure", "{1ECCA4D0-4A77-4968-8ACC-765B5DF6F109}"
EndProject
Project("{2150E333-8FDC-42A3-9474-1A3956D46DE8}") = "Presentations", "Presentations", "{2F948EFE-A332-4B08-B788-8BCD9B7A2B06}"
EndProject
Project("{9A19103F-16F7-4668-BE54-9A1E7A4F7556}") = "Samat.Framework.Domain", "Samat.Framework.Domain\Samat.Framework.Domain.csproj", "{A76D5735-7556-48C2-BAC6-5A019B5C3E3E}"
EndProject
Project("{9A19103F-16F7-4668-BE54-9A1E7A4F7556}") = "Samat.Framework.Events", "Samat.Framework.Events\Samat.Framework.Events.csproj", "{531E309F-E4AC-4AD4-9583-26B529BD0F60}"
EndProject
Project("{9A19103F-16F7-4668-BE54-9A1E7A4F7556}") = "Samat.Framework.Presistance.EF", "Samat.Framework.Presistance.EF\Samat.Framework.Presistance.EF.csproj", "{E872CE1D-EEA6-4A88-A37B-4E0435B7D827}"
EndProject
Project("{FAE04EC0-301F-11D3-BF4B-00C04F79EFBC}") = "Samat.Queries.EntityFramework", "Samat.Queries.EntityFramework\Samat.Queries.EntityFramework.csproj", "{4AF707EB-130F-4A25-9051-D1C2A582929A}"
EndProject
Project("{FAE04EC0-301F-11D3-BF4B-00C04F79EFBC}") = "Samat.Framework.Queries.EntityFramework", "Samat.Framework.Queries.EntityFramework\Samat.Framework.Queries.EntityFramework.csproj", "{0202340D-FF62-421C-A1D6-2679BD305CD9}"
EndProject
Project("{FAE04EC0-301F-11D3-BF4B-00C04F79EFBC}") = "Samat.Framework.Queries.Abstractions", "Samat.Framework.Queries.Abstractions\Samat.Framework.Queries.Abstractions.csproj", "{4B36E3F6-7C44-4845-A829-CFFA11DB325D}"
EndProject
Project("{2150E333-8FDC-42A3-9474-1A3956D46DE8}") = "Utilities", "Utilities", "{40A67B14-C367-449E-8523-6DAADC69500D}"
EndProject
Project("{FAE04EC0-301F-11D3-BF4B-00C04F79EFBC}") = "Samat.Framework.Utilities", "Samat.Framework.Utilities\Samat.Framework.Utilities.csproj", "{05EA4AB1-BC07-41B7-B190-A8C0ADD7342B}"
EndProject
Project("{FAE04EC0-301F-11D3-BF4B-00C04F79EFBC}") = "Samat.Framework.Application", "Samat.Framework.Application\Samat.Framework.Application.csproj", "{7FBE0A5F-659A-466D-B558-81982CF04A1E}"
EndProject
Project("{FAE04EC0-301F-11D3-BF4B-00C04F79EFBC}") = "Samat.Framework.Endpoints.Web", "Samat.Framework.Endpoints.Web\Samat.Framework.Endpoints.Web.csproj", "{B3ECE9E1-4DB5-4116-8864-97FDD59DD188}"
EndProject
Global
	GlobalSection(SolutionConfigurationPlatforms) = preSolution
		Debug|Any CPU = Debug|Any CPU
		Release|Any CPU = Release|Any CPU
	EndGlobalSection
	GlobalSection(ProjectConfigurationPlatforms) = postSolution
		{C0963192-614A-4013-B29A-9567CC1CBC02}.Debug|Any CPU.ActiveCfg = Debug|Any CPU
		{C0963192-614A-4013-B29A-9567CC1CBC02}.Debug|Any CPU.Build.0 = Debug|Any CPU
		{C0963192-614A-4013-B29A-9567CC1CBC02}.Release|Any CPU.ActiveCfg = Release|Any CPU
		{C0963192-614A-4013-B29A-9567CC1CBC02}.Release|Any CPU.Build.0 = Release|Any CPU
		{9D8EB345-523E-48BD-8BD4-3DB8DD5F1ABB}.Debug|Any CPU.ActiveCfg = Debug|Any CPU
		{9D8EB345-523E-48BD-8BD4-3DB8DD5F1ABB}.Debug|Any CPU.Build.0 = Debug|Any CPU
		{9D8EB345-523E-48BD-8BD4-3DB8DD5F1ABB}.Release|Any CPU.ActiveCfg = Release|Any CPU
		{9D8EB345-523E-48BD-8BD4-3DB8DD5F1ABB}.Release|Any CPU.Build.0 = Release|Any CPU
		{E6C54564-4930-47D3-92FA-8DD17557B6B2}.Debug|Any CPU.ActiveCfg = Debug|Any CPU
		{E6C54564-4930-47D3-92FA-8DD17557B6B2}.Debug|Any CPU.Build.0 = Debug|Any CPU
		{E6C54564-4930-47D3-92FA-8DD17557B6B2}.Release|Any CPU.ActiveCfg = Release|Any CPU
		{E6C54564-4930-47D3-92FA-8DD17557B6B2}.Release|Any CPU.Build.0 = Release|Any CPU
		{1B70635E-D1BC-4F5A-B825-4CACF914D9A3}.Debug|Any CPU.ActiveCfg = Debug|Any CPU
		{1B70635E-D1BC-4F5A-B825-4CACF914D9A3}.Debug|Any CPU.Build.0 = Debug|Any CPU
		{1B70635E-D1BC-4F5A-B825-4CACF914D9A3}.Release|Any CPU.ActiveCfg = Release|Any CPU
		{1B70635E-D1BC-4F5A-B825-4CACF914D9A3}.Release|Any CPU.Build.0 = Release|Any CPU
		{A35BA22F-6DF3-45D7-8566-EE8E1DB203C6}.Debug|Any CPU.ActiveCfg = Debug|Any CPU
		{A35BA22F-6DF3-45D7-8566-EE8E1DB203C6}.Debug|Any CPU.Build.0 = Debug|Any CPU
		{A35BA22F-6DF3-45D7-8566-EE8E1DB203C6}.Release|Any CPU.ActiveCfg = Release|Any CPU
		{A35BA22F-6DF3-45D7-8566-EE8E1DB203C6}.Release|Any CPU.Build.0 = Release|Any CPU
		{1E5082A6-3991-4C65-94AF-4162ADFB3C0A}.Debug|Any CPU.ActiveCfg = Debug|Any CPU
		{1E5082A6-3991-4C65-94AF-4162ADFB3C0A}.Debug|Any CPU.Build.0 = Debug|Any CPU
		{1E5082A6-3991-4C65-94AF-4162ADFB3C0A}.Release|Any CPU.ActiveCfg = Release|Any CPU
		{1E5082A6-3991-4C65-94AF-4162ADFB3C0A}.Release|Any CPU.Build.0 = Release|Any CPU
		{A76D5735-7556-48C2-BAC6-5A019B5C3E3E}.Debug|Any CPU.ActiveCfg = Debug|Any CPU
		{A76D5735-7556-48C2-BAC6-5A019B5C3E3E}.Debug|Any CPU.Build.0 = Debug|Any CPU
		{A76D5735-7556-48C2-BAC6-5A019B5C3E3E}.Release|Any CPU.ActiveCfg = Release|Any CPU
		{A76D5735-7556-48C2-BAC6-5A019B5C3E3E}.Release|Any CPU.Build.0 = Release|Any CPU
		{531E309F-E4AC-4AD4-9583-26B529BD0F60}.Debug|Any CPU.ActiveCfg = Debug|Any CPU
		{531E309F-E4AC-4AD4-9583-26B529BD0F60}.Debug|Any CPU.Build.0 = Debug|Any CPU
		{531E309F-E4AC-4AD4-9583-26B529BD0F60}.Release|Any CPU.ActiveCfg = Release|Any CPU
		{531E309F-E4AC-4AD4-9583-26B529BD0F60}.Release|Any CPU.Build.0 = Release|Any CPU
		{E872CE1D-EEA6-4A88-A37B-4E0435B7D827}.Debug|Any CPU.ActiveCfg = Debug|Any CPU
		{E872CE1D-EEA6-4A88-A37B-4E0435B7D827}.Debug|Any CPU.Build.0 = Debug|Any CPU
		{E872CE1D-EEA6-4A88-A37B-4E0435B7D827}.Release|Any CPU.ActiveCfg = Release|Any CPU
		{E872CE1D-EEA6-4A88-A37B-4E0435B7D827}.Release|Any CPU.Build.0 = Release|Any CPU
		{4AF707EB-130F-4A25-9051-D1C2A582929A}.Debug|Any CPU.ActiveCfg = Debug|Any CPU
		{4AF707EB-130F-4A25-9051-D1C2A582929A}.Debug|Any CPU.Build.0 = Debug|Any CPU
		{4AF707EB-130F-4A25-9051-D1C2A582929A}.Release|Any CPU.ActiveCfg = Release|Any CPU
		{4AF707EB-130F-4A25-9051-D1C2A582929A}.Release|Any CPU.Build.0 = Release|Any CPU
		{0202340D-FF62-421C-A1D6-2679BD305CD9}.Debug|Any CPU.ActiveCfg = Debug|Any CPU
		{0202340D-FF62-421C-A1D6-2679BD305CD9}.Debug|Any CPU.Build.0 = Debug|Any CPU
		{0202340D-FF62-421C-A1D6-2679BD305CD9}.Release|Any CPU.ActiveCfg = Release|Any CPU
		{0202340D-FF62-421C-A1D6-2679BD305CD9}.Release|Any CPU.Build.0 = Release|Any CPU
		{4B36E3F6-7C44-4845-A829-CFFA11DB325D}.Debug|Any CPU.ActiveCfg = Debug|Any CPU
		{4B36E3F6-7C44-4845-A829-CFFA11DB325D}.Debug|Any CPU.Build.0 = Debug|Any CPU
		{4B36E3F6-7C44-4845-A829-CFFA11DB325D}.Release|Any CPU.ActiveCfg = Release|Any CPU
		{4B36E3F6-7C44-4845-A829-CFFA11DB325D}.Release|Any CPU.Build.0 = Release|Any CPU
		{05EA4AB1-BC07-41B7-B190-A8C0ADD7342B}.Debug|Any CPU.ActiveCfg = Debug|Any CPU
		{05EA4AB1-BC07-41B7-B190-A8C0ADD7342B}.Debug|Any CPU.Build.0 = Debug|Any CPU
		{05EA4AB1-BC07-41B7-B190-A8C0ADD7342B}.Release|Any CPU.ActiveCfg = Release|Any CPU
		{05EA4AB1-BC07-41B7-B190-A8C0ADD7342B}.Release|Any CPU.Build.0 = Release|Any CPU
		{7FBE0A5F-659A-466D-B558-81982CF04A1E}.Debug|Any CPU.ActiveCfg = Debug|Any CPU
		{7FBE0A5F-659A-466D-B558-81982CF04A1E}.Debug|Any CPU.Build.0 = Debug|Any CPU
		{7FBE0A5F-659A-466D-B558-81982CF04A1E}.Release|Any CPU.ActiveCfg = Release|Any CPU
		{7FBE0A5F-659A-466D-B558-81982CF04A1E}.Release|Any CPU.Build.0 = Release|Any CPU
		{B3ECE9E1-4DB5-4116-8864-97FDD59DD188}.Debug|Any CPU.ActiveCfg = Debug|Any CPU
		{B3ECE9E1-4DB5-4116-8864-97FDD59DD188}.Debug|Any CPU.Build.0 = Debug|Any CPU
		{B3ECE9E1-4DB5-4116-8864-97FDD59DD188}.Release|Any CPU.ActiveCfg = Release|Any CPU
		{B3ECE9E1-4DB5-4116-8864-97FDD59DD188}.Release|Any CPU.Build.0 = Release|Any CPU
	EndGlobalSection
	GlobalSection(SolutionProperties) = preSolution
		HideSolutionNode = FALSE
	EndGlobalSection
	GlobalSection(NestedProjects) = preSolution
		{C0963192-614A-4013-B29A-9567CC1CBC02} = {642B7F12-C74B-48B0-99D7-47B660DB9ED7}
		{6B666AF9-2F82-4060-AE04-F8846A6C89A0} = {6E7D60A0-8713-430A-9CAE-8B7F9E4DBAC5}
		{E5B0BCE4-9A7A-4E9C-A721-00FF0B3881F6} = {6E7D60A0-8713-430A-9CAE-8B7F9E4DBAC5}
		{9D8EB345-523E-48BD-8BD4-3DB8DD5F1ABB} = {E5B0BCE4-9A7A-4E9C-A721-00FF0B3881F6}
		{E6C54564-4930-47D3-92FA-8DD17557B6B2} = {6B666AF9-2F82-4060-AE04-F8846A6C89A0}
		{1B70635E-D1BC-4F5A-B825-4CACF914D9A3} = {6B666AF9-2F82-4060-AE04-F8846A6C89A0}
		{A35BA22F-6DF3-45D7-8566-EE8E1DB203C6} = {E5B0BCE4-9A7A-4E9C-A721-00FF0B3881F6}
		{1E5082A6-3991-4C65-94AF-4162ADFB3C0A} = {D185C402-69EC-4A52-A427-5B48AC42D8FA}
		{281E725F-ADF5-4E97-9D12-CA49CA2D13AC} = {237E3390-26AB-45A2-B06B-30380DF87429}
		{1ECCA4D0-4A77-4968-8ACC-765B5DF6F109} = {237E3390-26AB-45A2-B06B-30380DF87429}
		{2F948EFE-A332-4B08-B788-8BCD9B7A2B06} = {237E3390-26AB-45A2-B06B-30380DF87429}
		{A76D5735-7556-48C2-BAC6-5A019B5C3E3E} = {281E725F-ADF5-4E97-9D12-CA49CA2D13AC}
		{531E309F-E4AC-4AD4-9583-26B529BD0F60} = {281E725F-ADF5-4E97-9D12-CA49CA2D13AC}
		{E872CE1D-EEA6-4A88-A37B-4E0435B7D827} = {1ECCA4D0-4A77-4968-8ACC-765B5DF6F109}
		{4AF707EB-130F-4A25-9051-D1C2A582929A} = {D185C402-69EC-4A52-A427-5B48AC42D8FA}
		{0202340D-FF62-421C-A1D6-2679BD305CD9} = {1ECCA4D0-4A77-4968-8ACC-765B5DF6F109}
		{4B36E3F6-7C44-4845-A829-CFFA11DB325D} = {1ECCA4D0-4A77-4968-8ACC-765B5DF6F109}
		{40A67B14-C367-449E-8523-6DAADC69500D} = {237E3390-26AB-45A2-B06B-30380DF87429}
		{05EA4AB1-BC07-41B7-B190-A8C0ADD7342B} = {40A67B14-C367-449E-8523-6DAADC69500D}
		{7FBE0A5F-659A-466D-B558-81982CF04A1E} = {281E725F-ADF5-4E97-9D12-CA49CA2D13AC}
		{B3ECE9E1-4DB5-4116-8864-97FDD59DD188} = {2F948EFE-A332-4B08-B788-8BCD9B7A2B06}
	EndGlobalSection
	GlobalSection(ExtensibilityGlobals) = postSolution
		SolutionGuid = {338315EA-0749-4F87-9C74-01328945B169}
	EndGlobalSection
EndGlobal
